hash: 427d4ff733dca5d530b5f1fc515e89f78768f136bbde05459b1a59cb2e6fe280
updated: 2017-07-24T16:31:59.894367577-07:00
imports:
- name: github.com/golang/protobuf
  version: 8ee79997227bf9b34611aee7946ae64735e6fd93
  subpackages:
  - proto
- name: github.com/stacktic/dropbox
  version: daee057d5b32f4c64cf56efa3ce5fb1a83ef8516
- name: github.com/tanookiben/go-instagram
  version: d7a0ef8060dadd9ce5070a61770ca827c1f0a037
  subpackages:
  - instagram
- name: github.com/tj/go-dropbox
  version: 2de702dc3e925adbf993ddd2192cebd7a24ae1a1
- name: github.com/tj/go-dropy
  version: 225699a121562d2a1112529722a2368816df355f
- name: github.com/zenazn/goji
  version: d198bcf1ddf7d69872b506da7d4c4862121a9d8a
  subpackages:
  - bind
  - graceful
  - graceful/listener
  - web
  - web/middleware
  - web/mutil
- name: golang.org/x/net
  version: c2528b2dd8352441850638a8bb678c2ad056fd3e
  subpackages:
  - context
- name: golang.org/x/oauth2
  version: 2baa8a1b9338cf13d9eeb27696d761155fa480be
  subpackages:
  - internal
- name: google.golang.org/appengine
  version: 56d253d1dd14aa01937e12c73a0971bcfd797ff2
  subpackages:
  - internal
  - internal/base
  - internal/datastore
  - internal/log
  - internal/remote_api
  - internal/urlfetch
  - urlfetch
testImports: []
