hash: fe5f18638f73424a65ffaf75a74619d0049ae708b1f0dabe57d7dad554e0ae76
updated: 2017-07-24T18:13:02.53552973-07:00
imports:
- name: github.com/golang/protobuf
  version: 8ee79997227bf9b34611aee7946ae64735e6fd93
  subpackages:
  - proto
- name: github.com/stacktic/dropbox
  version: daee057d5b32f4c64cf56efa3ce5fb1a83ef8516
- name: github.com/tj/go-dropbox
  version: 2de702dc3e925adbf993ddd2192cebd7a24ae1a1
- name: github.com/tj/go-dropy
  version: 225699a121562d2a1112529722a2368816df355f
- name: goji.io
  version: 0d89ff54b2c18c9c4ba530e32496aef902d3c6cd
  subpackages:
  - internal
  - pat
  - pattern
- name: golang.org/x/net
  version: c2528b2dd8352441850638a8bb678c2ad056fd3e
  subpackages:
  - context
- name: golang.org/x/oauth2
  version: 2baa8a1b9338cf13d9eeb27696d761155fa480be
  subpackages:
  - internal
- name: google.golang.org/appengine
  version: 56d253d1dd14aa01937e12c73a0971bcfd797ff2
  subpackages:
  - internal
  - internal/base
  - internal/datastore
  - internal/log
  - internal/remote_api
  - internal/urlfetch
  - urlfetch
testImports: []
