# This file is autogenerated, do not edit; changes may be undone by the next 'dep ensure'.


[[projects]]
  name = "github.com/tj/go-dropbox"
  packages = ["."]
  revision = "2de702dc3e925adbf993ddd2192cebd7a24ae1a1"

[[projects]]
  branch = "master"
  name = "github.com/tj/go-dropy"
  packages = ["."]
  revision = "225699a121562d2a1112529722a2368816df355f"

[[projects]]
  name = "goji.io"
  packages = [
    ".",
    "internal",
    "pat",
    "pattern"
  ]
  revision = "0d89ff54b2c18c9c4ba530e32496aef902d3c6cd"
  version = "v2.0"

[solve-meta]
  analyzer-name = "dep"
  analyzer-version = 1
  inputs-digest = "be221a70f9d3c700b1f0da6ceec7d8ce784601acc311eeafd87f25ab71ff2230"
  solver-name = "gps-cdcl"
  solver-version = 1
